
Microsoft Visual Studio Solution File, Format Version 12.00
# Visual Studio Version 17
VisualStudioVersion = 17.8.34330.188
MinimumVisualStudioVersion = 10.0.40219.1
Project("{FAE04EC0-301F-11D3-BF4B-00C04F79EFBC}") = "Workaround", "Workaround\Workaround.csproj", "{A777F571-EC81-46C7-A0E1-FAE9C367F11C}"
EndProject
Project("{FAE04EC0-301F-11D3-BF4B-00C04F79EFBC}") = "Entities", "Entities\Entities.csproj", "{07B626F7-513E-4599-8D41-3766FB8E5616}"
EndProject
Project("{FAE04EC0-301F-11D3-BF4B-00C04F79EFBC}") = "Business", "Business\Business.csproj", "{A6AD972A-AF52-4353-827C-D47B8415E269}"
EndProject
Global
	GlobalSection(SolutionConfigurationPlatforms) = preSolution
		Debug|Any CPU = Debug|Any CPU
		Release|Any CPU = Release|Any CPU
	EndGlobalSection
	GlobalSection(ProjectConfigurationPlatforms) = postSolution
		{A777F571-EC81-46C7-A0E1-FAE9C367F11C}.Debug|Any CPU.ActiveCfg = Debug|Any CPU
		{A777F571-EC81-46C7-A0E1-FAE9C367F11C}.Debug|Any CPU.Build.0 = Debug|Any CPU
		{A777F571-EC81-46C7-A0E1-FAE9C367F11C}.Release|Any CPU.ActiveCfg = Release|Any CPU
		{A777F571-EC81-46C7-A0E1-FAE9C367F11C}.Release|Any CPU.Build.0 = Release|Any CPU
		{07B626F7-513E-4599-8D41-3766FB8E5616}.Debug|Any CPU.ActiveCfg = Debug|Any CPU
		{07B626F7-513E-4599-8D41-3766FB8E5616}.Debug|Any CPU.Build.0 = Debug|Any CPU
		{07B626F7-513E-4599-8D41-3766FB8E5616}.Release|Any CPU.ActiveCfg = Release|Any CPU
		{07B626F7-513E-4599-8D41-3766FB8E5616}.Release|Any CPU.Build.0 = Release|Any CPU
		{A6AD972A-AF52-4353-827C-D47B8415E269}.Debug|Any CPU.ActiveCfg = Debug|Any CPU
		{A6AD972A-AF52-4353-827C-D47B8415E269}.Debug|Any CPU.Build.0 = Debug|Any CPU
		{A6AD972A-AF52-4353-827C-D47B8415E269}.Release|Any CPU.ActiveCfg = Release|Any CPU
		{A6AD972A-AF52-4353-827C-D47B8415E269}.Release|Any CPU.Build.0 = Release|Any CPU
	EndGlobalSection
	GlobalSection(SolutionProperties) = preSolution
		HideSolutionNode = FALSE
	EndGlobalSection
	GlobalSection(ExtensibilityGlobals) = postSolution
		SolutionGuid = {DFF9B3E7-01D8-4504-B0C0-D8DC244A2815}
	EndGlobalSection
EndGlobal
